
Microsoft Visual Studio Solution File, Format Version 12.00
# Visual Studio Version 16
VisualStudioVersion = 16.0.32106.194
MinimumVisualStudioVersion = 10.0.40219.1
Project("{FAE04EC0-301F-11D3-BF4B-00C04F79EFBC}") = "JogoRPG", "JogoRPG\JogoRPG.csproj", "{5BF248F4-C668-4D74-8541-DE2461C37344}"
EndProject
Global
	GlobalSection(SolutionConfigurationPlatforms) = preSolution
		Debug|Any CPU = Debug|Any CPU
		Release|Any CPU = Release|Any CPU
	EndGlobalSection
	GlobalSection(ProjectConfigurationPlatforms) = postSolution
		{5BF248F4-C668-4D74-8541-DE2461C37344}.Debug|Any CPU.ActiveCfg = Debug|Any CPU
		{5BF248F4-C668-4D74-8541-DE2461C37344}.Debug|Any CPU.Build.0 = Debug|Any CPU
		{5BF248F4-C668-4D74-8541-DE2461C37344}.Release|Any CPU.ActiveCfg = Release|Any CPU
		{5BF248F4-C668-4D74-8541-DE2461C37344}.Release|Any CPU.Build.0 = Release|Any CPU
	EndGlobalSection
	GlobalSection(SolutionProperties) = preSolution
		HideSolutionNode = FALSE
	EndGlobalSection
	GlobalSection(ExtensibilityGlobals) = postSolution
		SolutionGuid = {D92AE0FC-9E42-47DB-9869-6B62D7E36443}
	EndGlobalSection
EndGlobal
